// !$*UTF8*$!
{
	archiveVersion = 1;
	classes = {
	};
	objectVersion = 55;
	objects = {

/* Begin PBXBuildFile section */
		ED047F5926F18E350062F47F /* EditAddressView.swift in Sources */ = {isa = PBXBuildFile; fileRef = ED047F5826F18E350062F47F /* EditAddressView.swift */; };
		ED1E970226EEDCE5009C469A /* PlanView.swift in Sources */ = {isa = PBXBuildFile; fileRef = ED1E970126EEDCE5009C469A /* PlanView.swift */; };
		ED3C9EFC26EF196800D01257 /* BigUInt+Extensions.swift in Sources */ = {isa = PBXBuildFile; fileRef = ED3C9EFB26EF196800D01257 /* BigUInt+Extensions.swift */; };
		ED47345026E454A3003B1BB2 /* CalculatorView.swift in Sources */ = {isa = PBXBuildFile; fileRef = ED47344F26E454A3003B1BB2 /* CalculatorView.swift */; };
		ED47345226E454AD003B1BB2 /* StakesView.swift in Sources */ = {isa = PBXBuildFile; fileRef = ED47345126E454AD003B1BB2 /* StakesView.swift */; };
		ED47345526E454C1003B1BB2 /* ChartsView.swift in Sources */ = {isa = PBXBuildFile; fileRef = ED47345426E454C1003B1BB2 /* ChartsView.swift */; };
		ED47345726E457CF003B1BB2 /* TradingviewChartView.swift in Sources */ = {isa = PBXBuildFile; fileRef = ED47345626E457CF003B1BB2 /* TradingviewChartView.swift */; };
		ED47345A26E4596F003B1BB2 /* index.html in Resources */ = {isa = PBXBuildFile; fileRef = ED47345926E4596F003B1BB2 /* index.html */; };
		ED507A4F26EF2CC500D1A022 /* NSNumber+Extensions.swift in Sources */ = {isa = PBXBuildFile; fileRef = ED507A4E26EF2CC500D1A022 /* NSNumber+Extensions.swift */; };
		ED507A5226EF97DA00D1A022 /* HEXRESTAPI.swift in Sources */ = {isa = PBXBuildFile; fileRef = ED507A5126EF97DA00D1A022 /* HEXRESTAPI.swift */; };
		ED507A5426EFC9D600D1A022 /* StakeCountABIFunction.swift in Sources */ = {isa = PBXBuildFile; fileRef = ED507A5326EFC9D600D1A022 /* StakeCountABIFunction.swift */; };
		ED507A5626EFC9FA00D1A022 /* StakeListsABIFunction.swift in Sources */ = {isa = PBXBuildFile; fileRef = ED507A5526EFC9FA00D1A022 /* StakeListsABIFunction.swift */; };
		ED507A5826EFD3A000D1A022 /* CurrentDayABIFunction.swift in Sources */ = {isa = PBXBuildFile; fileRef = ED507A5726EFD3A000D1A022 /* CurrentDayABIFunction.swift */; };
		ED507A5A26EFDE5F00D1A022 /* Constants.swift in Sources */ = {isa = PBXBuildFile; fileRef = ED507A5926EFDE5F00D1A022 /* Constants.swift */; };
		ED94771E26E44559003162D4 /* App.swift in Sources */ = {isa = PBXBuildFile; fileRef = ED94771D26E44559003162D4 /* App.swift */; };
		ED94772026E44559003162D4 /* ContentView.swift in Sources */ = {isa = PBXBuildFile; fileRef = ED94771F26E44559003162D4 /* ContentView.swift */; };
		ED94772226E44559003162D4 /* Assets.xcassets in Resources */ = {isa = PBXBuildFile; fileRef = ED94772126E44559003162D4 /* Assets.xcassets */; };
		ED94772526E44559003162D4 /* Preview Assets.xcassets in Resources */ = {isa = PBXBuildFile; fileRef = ED94772426E44559003162D4 /* Preview Assets.xcassets */; };
		ED94773026E44655003162D4 /* ComposableArchitecture in Frameworks */ = {isa = PBXBuildFile; productRef = ED94772F26E44655003162D4 /* ComposableArchitecture */; };
		ED94773226E4468E003162D4 /* AppReducer.swift in Sources */ = {isa = PBXBuildFile; fileRef = ED94773126E4468E003162D4 /* AppReducer.swift */; };
		ED94773426E448A1003162D4 /* SampleAppStore.swift in Sources */ = {isa = PBXBuildFile; fileRef = ED94773326E448A1003162D4 /* SampleAppStore.swift */; };
		EDCC3A8426E46E4A00A576B2 /* web3.swift in Frameworks */ = {isa = PBXBuildFile; productRef = EDCC3A8326E46E4A00A576B2 /* web3.swift */; };
		EDCC3A8726E4772F00A576B2 /* DailyDataRangeABIFunction.swift in Sources */ = {isa = PBXBuildFile; fileRef = EDCC3A8626E4772F00A576B2 /* DailyDataRangeABIFunction.swift */; };
/* End PBXBuildFile section */

/* Begin PBXFileReference section */
		ED047F5826F18E350062F47F /* EditAddressView.swift */ = {isa = PBXFileReference; lastKnownFileType = sourcecode.swift; path = EditAddressView.swift; sourceTree = "<group>"; };
		ED1E970126EEDCE5009C469A /* PlanView.swift */ = {isa = PBXFileReference; lastKnownFileType = sourcecode.swift; path = PlanView.swift; sourceTree = "<group>"; };
		ED38706126F6683E00369175 /* Info.plist */ = {isa = PBXFileReference; lastKnownFileType = text.plist; path = Info.plist; sourceTree = "<group>"; };
		ED3C9EFB26EF196800D01257 /* BigUInt+Extensions.swift */ = {isa = PBXFileReference; lastKnownFileType = sourcecode.swift; path = "BigUInt+Extensions.swift"; sourceTree = "<group>"; };
		ED47344F26E454A3003B1BB2 /* CalculatorView.swift */ = {isa = PBXFileReference; lastKnownFileType = sourcecode.swift; path = CalculatorView.swift; sourceTree = "<group>"; };
		ED47345126E454AD003B1BB2 /* StakesView.swift */ = {isa = PBXFileReference; lastKnownFileType = sourcecode.swift; path = StakesView.swift; sourceTree = "<group>"; };
		ED47345426E454C1003B1BB2 /* ChartsView.swift */ = {isa = PBXFileReference; lastKnownFileType = sourcecode.swift; path = ChartsView.swift; sourceTree = "<group>"; };
		ED47345626E457CF003B1BB2 /* TradingviewChartView.swift */ = {isa = PBXFileReference; lastKnownFileType = sourcecode.swift; path = TradingviewChartView.swift; sourceTree = "<group>"; };
		ED47345926E4596F003B1BB2 /* index.html */ = {isa = PBXFileReference; lastKnownFileType = text.html; path = index.html; sourceTree = "<group>"; };
		ED507A4E26EF2CC500D1A022 /* NSNumber+Extensions.swift */ = {isa = PBXFileReference; lastKnownFileType = sourcecode.swift; path = "NSNumber+Extensions.swift"; sourceTree = "<group>"; };
		ED507A5126EF97DA00D1A022 /* HEXRESTAPI.swift */ = {isa = PBXFileReference; lastKnownFileType = sourcecode.swift; path = HEXRESTAPI.swift; sourceTree = "<group>"; };
		ED507A5326EFC9D600D1A022 /* StakeCountABIFunction.swift */ = {isa = PBXFileReference; lastKnownFileType = sourcecode.swift; path = StakeCountABIFunction.swift; sourceTree = "<group>"; };
		ED507A5526EFC9FA00D1A022 /* StakeListsABIFunction.swift */ = {isa = PBXFileReference; lastKnownFileType = sourcecode.swift; path = StakeListsABIFunction.swift; sourceTree = "<group>"; };
		ED507A5726EFD3A000D1A022 /* CurrentDayABIFunction.swift */ = {isa = PBXFileReference; lastKnownFileType = sourcecode.swift; path = CurrentDayABIFunction.swift; sourceTree = "<group>"; };
		ED507A5926EFDE5F00D1A022 /* Constants.swift */ = {isa = PBXFileReference; lastKnownFileType = sourcecode.swift; path = Constants.swift; sourceTree = "<group>"; };
		ED94771A26E44559003162D4 /* HEX.app */ = {isa = PBXFileReference; explicitFileType = wrapper.application; includeInIndex = 0; path = HEX.app; sourceTree = BUILT_PRODUCTS_DIR; };
		ED94771D26E44559003162D4 /* App.swift */ = {isa = PBXFileReference; lastKnownFileType = sourcecode.swift; path = App.swift; sourceTree = "<group>"; };
		ED94771F26E44559003162D4 /* ContentView.swift */ = {isa = PBXFileReference; lastKnownFileType = sourcecode.swift; path = ContentView.swift; sourceTree = "<group>"; };
		ED94772126E44559003162D4 /* Assets.xcassets */ = {isa = PBXFileReference; lastKnownFileType = folder.assetcatalog; path = Assets.xcassets; sourceTree = "<group>"; };
		ED94772426E44559003162D4 /* Preview Assets.xcassets */ = {isa = PBXFileReference; lastKnownFileType = folder.assetcatalog; path = "Preview Assets.xcassets"; sourceTree = "<group>"; };
		ED94773126E4468E003162D4 /* AppReducer.swift */ = {isa = PBXFileReference; lastKnownFileType = sourcecode.swift; path = AppReducer.swift; sourceTree = "<group>"; };
		ED94773326E448A1003162D4 /* SampleAppStore.swift */ = {isa = PBXFileReference; lastKnownFileType = sourcecode.swift; path = SampleAppStore.swift; sourceTree = "<group>"; };
		EDCC3A8626E4772F00A576B2 /* DailyDataRangeABIFunction.swift */ = {isa = PBXFileReference; lastKnownFileType = sourcecode.swift; path = DailyDataRangeABIFunction.swift; sourceTree = "<group>"; };
/* End PBXFileReference section */

/* Begin PBXFrameworksBuildPhase section */
		ED94771726E44559003162D4 /* Frameworks */ = {
			isa = PBXFrameworksBuildPhase;
			buildActionMask = 2147483647;
			files = (
				EDCC3A8426E46E4A00A576B2 /* web3.swift in Frameworks */,
				ED94773026E44655003162D4 /* ComposableArchitecture in Frameworks */,
			);
			runOnlyForDeploymentPostprocessing = 0;
		};
/* End PBXFrameworksBuildPhase section */

/* Begin PBXGroup section */
		ED1E970026EEDCDB009C469A /* Plan */ = {
			isa = PBXGroup;
			children = (
				ED1E970126EEDCE5009C469A /* PlanView.swift */,
			);
			path = Plan;
			sourceTree = "<group>";
		};
		ED47344C26E45478003B1BB2 /* Charts */ = {
			isa = PBXGroup;
			children = (
				ED47345426E454C1003B1BB2 /* ChartsView.swift */,
				ED47345626E457CF003B1BB2 /* TradingviewChartView.swift */,
			);
			path = Charts;
			sourceTree = "<group>";
		};
		ED47344D26E45485003B1BB2 /* Stakes */ = {
			isa = PBXGroup;
			children = (
				ED47345126E454AD003B1BB2 /* StakesView.swift */,
				ED047F5826F18E350062F47F /* EditAddressView.swift */,
			);
			path = Stakes;
			sourceTree = "<group>";
		};
		ED47344E26E4548A003B1BB2 /* Calculator */ = {
			isa = PBXGroup;
			children = (
				ED47344F26E454A3003B1BB2 /* CalculatorView.swift */,
			);
			path = Calculator;
			sourceTree = "<group>";
		};
		ED47345826E4595A003B1BB2 /* HTML */ = {
			isa = PBXGroup;
			children = (
				ED47345926E4596F003B1BB2 /* index.html */,
			);
			path = HTML;
			sourceTree = "<group>";
		};
		ED94771126E44559003162D4 = {
			isa = PBXGroup;
			children = (
				ED94771C26E44559003162D4 /* HEX */,
				ED94771B26E44559003162D4 /* Products */,
			);
			sourceTree = "<group>";
		};
		ED94771B26E44559003162D4 /* Products */ = {
			isa = PBXGroup;
			children = (
				ED94771A26E44559003162D4 /* HEX.app */,
			);
			name = Products;
			sourceTree = "<group>";
		};
		ED94771C26E44559003162D4 /* HEX */ = {
			isa = PBXGroup;
			children = (
				ED38706126F6683E00369175 /* Info.plist */,
				ED1E970026EEDCDB009C469A /* Plan */,
				EDCC3A8526E4771800A576B2 /* HEXContract */,
				ED47345826E4595A003B1BB2 /* HTML */,
				ED47344E26E4548A003B1BB2 /* Calculator */,
				ED47344D26E45485003B1BB2 /* Stakes */,
				ED47344C26E45478003B1BB2 /* Charts */,
				ED94771D26E44559003162D4 /* App.swift */,
				ED94773126E4468E003162D4 /* AppReducer.swift */,
				ED94771F26E44559003162D4 /* ContentView.swift */,
				ED94772126E44559003162D4 /* Assets.xcassets */,
				ED94772326E44559003162D4 /* Preview Content */,
				ED3C9EFB26EF196800D01257 /* BigUInt+Extensions.swift */,
				ED507A4E26EF2CC500D1A022 /* NSNumber+Extensions.swift */,
				ED507A5126EF97DA00D1A022 /* HEXRESTAPI.swift */,
				ED507A5926EFDE5F00D1A022 /* Constants.swift */,
			);
			path = HEX;
			sourceTree = "<group>";
		};
		ED94772326E44559003162D4 /* Preview Content */ = {
			isa = PBXGroup;
			children = (
				ED94772426E44559003162D4 /* Preview Assets.xcassets */,
				ED94773326E448A1003162D4 /* SampleAppStore.swift */,
			);
			path = "Preview Content";
			sourceTree = "<group>";
		};
		EDCC3A8526E4771800A576B2 /* HEXContract */ = {
			isa = PBXGroup;
			children = (
				EDCC3A8626E4772F00A576B2 /* DailyDataRangeABIFunction.swift */,
				ED507A5326EFC9D600D1A022 /* StakeCountABIFunction.swift */,
				ED507A5526EFC9FA00D1A022 /* StakeListsABIFunction.swift */,
				ED507A5726EFD3A000D1A022 /* CurrentDayABIFunction.swift */,
			);
			path = HEXContract;
			sourceTree = "<group>";
		};
/* End PBXGroup section */

/* Begin PBXNativeTarget section */
		ED94771926E44559003162D4 /* HEX */ = {
			isa = PBXNativeTarget;
			buildConfigurationList = ED94772826E44559003162D4 /* Build configuration list for PBXNativeTarget "HEX" */;
			buildPhases = (
				ED94771626E44559003162D4 /* Sources */,
				ED94771726E44559003162D4 /* Frameworks */,
				ED94771826E44559003162D4 /* Resources */,
			);
			buildRules = (
			);
			dependencies = (
			);
			name = HEX;
			packageProductDependencies = (
				ED94772F26E44655003162D4 /* ComposableArchitecture */,
				EDCC3A8326E46E4A00A576B2 /* web3.swift */,
			);
			productName = HEX;
			productReference = ED94771A26E44559003162D4 /* HEX.app */;
			productType = "com.apple.product-type.application";
		};
/* End PBXNativeTarget section */

/* Begin PBXProject section */
		ED94771226E44559003162D4 /* Project object */ = {
			isa = PBXProject;
			attributes = {
				BuildIndependentTargetsInParallel = 1;
				LastSwiftUpdateCheck = 1300;
				LastUpgradeCheck = 1300;
				TargetAttributes = {
					ED94771926E44559003162D4 = {
						CreatedOnToolsVersion = 13.0;
					};
				};
			};
			buildConfigurationList = ED94771526E44559003162D4 /* Build configuration list for PBXProject "HEX" */;
			compatibilityVersion = "Xcode 13.0";
			developmentRegion = en;
			hasScannedForEncodings = 0;
			knownRegions = (
				en,
				Base,
			);
			mainGroup = ED94771126E44559003162D4;
			packageReferences = (
				ED94772E26E44655003162D4 /* XCRemoteSwiftPackageReference "swift-composable-architecture" */,
				EDCC3A8226E46E4A00A576B2 /* XCRemoteSwiftPackageReference "web3" */,
			);
			productRefGroup = ED94771B26E44559003162D4 /* Products */;
			projectDirPath = "";
			projectRoot = "";
			targets = (
				ED94771926E44559003162D4 /* HEX */,
			);
		};
/* End PBXProject section */

/* Begin PBXResourcesBuildPhase section */
		ED94771826E44559003162D4 /* Resources */ = {
			isa = PBXResourcesBuildPhase;
			buildActionMask = 2147483647;
			files = (
				ED47345A26E4596F003B1BB2 /* index.html in Resources */,
				ED94772526E44559003162D4 /* Preview Assets.xcassets in Resources */,
				ED94772226E44559003162D4 /* Assets.xcassets in Resources */,
			);
			runOnlyForDeploymentPostprocessing = 0;
		};
/* End PBXResourcesBuildPhase section */

/* Begin PBXSourcesBuildPhase section */
		ED94771626E44559003162D4 /* Sources */ = {
			isa = PBXSourcesBuildPhase;
			buildActionMask = 2147483647;
			files = (
				ED47345526E454C1003B1BB2 /* ChartsView.swift in Sources */,
				ED507A5A26EFDE5F00D1A022 /* Constants.swift in Sources */,
				ED94773226E4468E003162D4 /* AppReducer.swift in Sources */,
				ED47345026E454A3003B1BB2 /* CalculatorView.swift in Sources */,
				ED94772026E44559003162D4 /* ContentView.swift in Sources */,
				EDCC3A8726E4772F00A576B2 /* DailyDataRangeABIFunction.swift in Sources */,
				ED47345226E454AD003B1BB2 /* StakesView.swift in Sources */,
				ED3C9EFC26EF196800D01257 /* BigUInt+Extensions.swift in Sources */,
				ED047F5926F18E350062F47F /* EditAddressView.swift in Sources */,
				ED94771E26E44559003162D4 /* App.swift in Sources */,
				ED507A5626EFC9FA00D1A022 /* StakeListsABIFunction.swift in Sources */,
				ED507A5826EFD3A000D1A022 /* CurrentDayABIFunction.swift in Sources */,
				ED507A4F26EF2CC500D1A022 /* NSNumber+Extensions.swift in Sources */,
				ED47345726E457CF003B1BB2 /* TradingviewChartView.swift in Sources */,
				ED94773426E448A1003162D4 /* SampleAppStore.swift in Sources */,
				ED507A5426EFC9D600D1A022 /* StakeCountABIFunction.swift in Sources */,
				ED1E970226EEDCE5009C469A /* PlanView.swift in Sources */,
				ED507A5226EF97DA00D1A022 /* HEXRESTAPI.swift in Sources */,
			);
			runOnlyForDeploymentPostprocessing = 0;
		};
/* End PBXSourcesBuildPhase section */

/* Begin XCBuildConfiguration section */
		ED94772626E44559003162D4 /* Debug */ = {
			isa = XCBuildConfiguration;
			buildSettings = {
				ALWAYS_SEARCH_USER_PATHS = NO;
				CLANG_ANALYZER_NONNULL = YES;
				CLANG_ANALYZER_NUMBER_OBJECT_CONVERSION = YES_AGGRESSIVE;
				CLANG_CXX_LANGUAGE_STANDARD = "gnu++17";
				CLANG_CXX_LIBRARY = "libc++";
				CLANG_ENABLE_MODULES = YES;
				CLANG_ENABLE_OBJC_ARC = YES;
				CLANG_ENABLE_OBJC_WEAK = YES;
				CLANG_WARN_BLOCK_CAPTURE_AUTORELEASING = YES;
				CLANG_WARN_BOOL_CONVERSION = YES;
				CLANG_WARN_COMMA = YES;
				CLANG_WARN_CONSTANT_CONVERSION = YES;
				CLANG_WARN_DEPRECATED_OBJC_IMPLEMENTATIONS = YES;
				CLANG_WARN_DIRECT_OBJC_ISA_USAGE = YES_ERROR;
				CLANG_WARN_DOCUMENTATION_COMMENTS = YES;
				CLANG_WARN_EMPTY_BODY = YES;
				CLANG_WARN_ENUM_CONVERSION = YES;
				CLANG_WARN_INFINITE_RECURSION = YES;
				CLANG_WARN_INT_CONVERSION = YES;
				CLANG_WARN_NON_LITERAL_NULL_CONVERSION = YES;
				CLANG_WARN_OBJC_IMPLICIT_RETAIN_SELF = YES;
				CLANG_WARN_OBJC_LITERAL_CONVERSION = YES;
				CLANG_WARN_OBJC_ROOT_CLASS = YES_ERROR;
				CLANG_WARN_QUOTED_INCLUDE_IN_FRAMEWORK_HEADER = YES;
				CLANG_WARN_RANGE_LOOP_ANALYSIS = YES;
				CLANG_WARN_STRICT_PROTOTYPES = YES;
				CLANG_WARN_SUSPICIOUS_MOVE = YES;
				CLANG_WARN_UNGUARDED_AVAILABILITY = YES_AGGRESSIVE;
				CLANG_WARN_UNREACHABLE_CODE = YES;
				CLANG_WARN__DUPLICATE_METHOD_MATCH = YES;
				COPY_PHASE_STRIP = NO;
				DEBUG_INFORMATION_FORMAT = dwarf;
				ENABLE_STRICT_OBJC_MSGSEND = YES;
				ENABLE_TESTABILITY = YES;
				GCC_C_LANGUAGE_STANDARD = gnu11;
				GCC_DYNAMIC_NO_PIC = NO;
				GCC_NO_COMMON_BLOCKS = YES;
				GCC_OPTIMIZATION_LEVEL = 0;
				GCC_PREPROCESSOR_DEFINITIONS = (
					"DEBUG=1",
					"$(inherited)",
				);
				GCC_WARN_64_TO_32_BIT_CONVERSION = YES;
				GCC_WARN_ABOUT_RETURN_TYPE = YES_ERROR;
				GCC_WARN_UNDECLARED_SELECTOR = YES;
				GCC_WARN_UNINITIALIZED_AUTOS = YES_AGGRESSIVE;
				GCC_WARN_UNUSED_FUNCTION = YES;
				GCC_WARN_UNUSED_VARIABLE = YES;
				IPHONEOS_DEPLOYMENT_TARGET = 14.0;
				MTL_ENABLE_DEBUG_INFO = INCLUDE_SOURCE;
				MTL_FAST_MATH = YES;
				ONLY_ACTIVE_ARCH = YES;
				SDKROOT = iphoneos;
				SWIFT_ACTIVE_COMPILATION_CONDITIONS = DEBUG;
				SWIFT_OPTIMIZATION_LEVEL = "-Onone";
			};
			name = Debug;
		};
		ED94772726E44559003162D4 /* Release */ = {
			isa = XCBuildConfiguration;
			buildSettings = {
				ALWAYS_SEARCH_USER_PATHS = NO;
				CLANG_ANALYZER_NONNULL = YES;
				CLANG_ANALYZER_NUMBER_OBJECT_CONVERSION = YES_AGGRESSIVE;
				CLANG_CXX_LANGUAGE_STANDARD = "gnu++17";
				CLANG_CXX_LIBRARY = "libc++";
				CLANG_ENABLE_MODULES = YES;
				CLANG_ENABLE_OBJC_ARC = YES;
				CLANG_ENABLE_OBJC_WEAK = YES;
				CLANG_WARN_BLOCK_CAPTURE_AUTORELEASING = YES;
				CLANG_WARN_BOOL_CONVERSION = YES;
				CLANG_WARN_COMMA = YES;
				CLANG_WARN_CONSTANT_CONVERSION = YES;
				CLANG_WARN_DEPRECATED_OBJC_IMPLEMENTATIONS = YES;
				CLANG_WARN_DIRECT_OBJC_ISA_USAGE = YES_ERROR;
				CLANG_WARN_DOCUMENTATION_COMMENTS = YES;
				CLANG_WARN_EMPTY_BODY = YES;
				CLANG_WARN_ENUM_CONVERSION = YES;
				CLANG_WARN_INFINITE_RECURSION = YES;
				CLANG_WARN_INT_CONVERSION = YES;
				CLANG_WARN_NON_LITERAL_NULL_CONVERSION = YES;
				CLANG_WARN_OBJC_IMPLICIT_RETAIN_SELF = YES;
				CLANG_WARN_OBJC_LITERAL_CONVERSION = YES;
				CLANG_WARN_OBJC_ROOT_CLASS = YES_ERROR;
				CLANG_WARN_QUOTED_INCLUDE_IN_FRAMEWORK_HEADER = YES;
				CLANG_WARN_RANGE_LOOP_ANALYSIS = YES;
				CLANG_WARN_STRICT_PROTOTYPES = YES;
				CLANG_WARN_SUSPICIOUS_MOVE = YES;
				CLANG_WARN_UNGUARDED_AVAILABILITY = YES_AGGRESSIVE;
				CLANG_WARN_UNREACHABLE_CODE = YES;
				CLANG_WARN__DUPLICATE_METHOD_MATCH = YES;
				COPY_PHASE_STRIP = NO;
				DEBUG_INFORMATION_FORMAT = "dwarf-with-dsym";
				ENABLE_NS_ASSERTIONS = NO;
				ENABLE_STRICT_OBJC_MSGSEND = YES;
				GCC_C_LANGUAGE_STANDARD = gnu11;
				GCC_NO_COMMON_BLOCKS = YES;
				GCC_WARN_64_TO_32_BIT_CONVERSION = YES;
				GCC_WARN_ABOUT_RETURN_TYPE = YES_ERROR;
				GCC_WARN_UNDECLARED_SELECTOR = YES;
				GCC_WARN_UNINITIALIZED_AUTOS = YES_AGGRESSIVE;
				GCC_WARN_UNUSED_FUNCTION = YES;
				GCC_WARN_UNUSED_VARIABLE = YES;
				IPHONEOS_DEPLOYMENT_TARGET = 14.0;
				MTL_ENABLE_DEBUG_INFO = NO;
				MTL_FAST_MATH = YES;
				SDKROOT = iphoneos;
				SWIFT_COMPILATION_MODE = wholemodule;
				SWIFT_OPTIMIZATION_LEVEL = "-O";
				VALIDATE_PRODUCT = YES;
			};
			name = Release;
		};
		ED94772926E44559003162D4 /* Debug */ = {
			isa = XCBuildConfiguration;
			buildSettings = {
				ASSETCATALOG_COMPILER_APPICON_NAME = AppIcon;
				ASSETCATALOG_COMPILER_GLOBAL_ACCENT_COLOR_NAME = AccentColor;
				ASSETCATALOG_COMPILER_INCLUDE_ALL_APPICON_ASSETS = YES;
				CODE_SIGN_STYLE = Automatic;
				CURRENT_PROJECT_VERSION = 2;
				DEVELOPMENT_ASSET_PATHS = "\"HEX/Preview Content\"";
				DEVELOPMENT_TEAM = K78G42H4U2;
				ENABLE_PREVIEWS = YES;
				GENERATE_INFOPLIST_FILE = YES;
				INFOPLIST_FILE = HEX/Info.plist;
				INFOPLIST_KEY_UIApplicationSceneManifest_Generation = YES;
				INFOPLIST_KEY_UIApplicationSupportsIndirectInputEvents = YES;
				INFOPLIST_KEY_UILaunchScreen_Generation = YES;
				INFOPLIST_KEY_UISupportedInterfaceOrientations_iPad = "UIInterfaceOrientationPortrait UIInterfaceOrientationPortraitUpsideDown UIInterfaceOrientationLandscapeLeft UIInterfaceOrientationLandscapeRight";
				INFOPLIST_KEY_UISupportedInterfaceOrientations_iPhone = "UIInterfaceOrientationPortrait UIInterfaceOrientationLandscapeLeft UIInterfaceOrientationLandscapeRight";
				IPHONEOS_DEPLOYMENT_TARGET = 14.0;
				LD_RUNPATH_SEARCH_PATHS = (
					"$(inherited)",
					"@executable_path/Frameworks",
				);
				MARKETING_VERSION = 0.1.0;
				PRODUCT_BUNDLE_IDENTIFIER = com.joeblau.HEX;
				PRODUCT_NAME = "$(TARGET_NAME)";
				SWIFT_EMIT_LOC_STRINGS = YES;
				SWIFT_VERSION = 5.0;
				TARGETED_DEVICE_FAMILY = 1;
			};
			name = Debug;
		};
		ED94772A26E44559003162D4 /* Release */ = {
			isa = XCBuildConfiguration;
			buildSettings = {
				ASSETCATALOG_COMPILER_APPICON_NAME = AppIcon;
				ASSETCATALOG_COMPILER_GLOBAL_ACCENT_COLOR_NAME = AccentColor;
				ASSETCATALOG_COMPILER_INCLUDE_ALL_APPICON_ASSETS = YES;
				CODE_SIGN_STYLE = Automatic;
				CURRENT_PROJECT_VERSION = 2;
				DEVELOPMENT_ASSET_PATHS = "\"HEX/Preview Content\"";
				DEVELOPMENT_TEAM = K78G42H4U2;
				ENABLE_PREVIEWS = YES;
				GENERATE_INFOPLIST_FILE = YES;
				INFOPLIST_FILE = HEX/Info.plist;
				INFOPLIST_KEY_UIApplicationSceneManifest_Generation = YES;
				INFOPLIST_KEY_UIApplicationSupportsIndirectInputEvents = YES;
				INFOPLIST_KEY_UILaunchScreen_Generation = YES;
				INFOPLIST_KEY_UISupportedInterfaceOrientations_iPad = "UIInterfaceOrientationPortrait UIInterfaceOrientationPortraitUpsideDown UIInterfaceOrientationLandscapeLeft UIInterfaceOrientationLandscapeRight";
				INFOPLIST_KEY_UISupportedInterfaceOrientations_iPhone = "UIInterfaceOrientationPortrait UIInterfaceOrientationLandscapeLeft UIInterfaceOrientationLandscapeRight";
				IPHONEOS_DEPLOYMENT_TARGET = 14.0;
				LD_RUNPATH_SEARCH_PATHS = (
					"$(inherited)",
					"@executable_path/Frameworks",
				);
				MARKETING_VERSION = 0.1.0;
				PRODUCT_BUNDLE_IDENTIFIER = com.joeblau.HEX;
				PRODUCT_NAME = "$(TARGET_NAME)";
				SWIFT_EMIT_LOC_STRINGS = YES;
				SWIFT_VERSION = 5.0;
				TARGETED_DEVICE_FAMILY = 1;
			};
			name = Release;
		};
/* End XCBuildConfiguration section */

/* Begin XCConfigurationList section */
		ED94771526E44559003162D4 /* Build configuration list for PBXProject "HEX" */ = {
			isa = XCConfigurationList;
			buildConfigurations = (
				ED94772626E44559003162D4 /* Debug */,
				ED94772726E44559003162D4 /* Release */,
			);
			defaultConfigurationIsVisible = 0;
			defaultConfigurationName = Release;
		};
		ED94772826E44559003162D4 /* Build configuration list for PBXNativeTarget "HEX" */ = {
			isa = XCConfigurationList;
			buildConfigurations = (
				ED94772926E44559003162D4 /* Debug */,
				ED94772A26E44559003162D4 /* Release */,
			);
			defaultConfigurationIsVisible = 0;
			defaultConfigurationName = Release;
		};
/* End XCConfigurationList section */

/* Begin XCRemoteSwiftPackageReference section */
		ED94772E26E44655003162D4 /* XCRemoteSwiftPackageReference "swift-composable-architecture" */ = {
			isa = XCRemoteSwiftPackageReference;
			repositoryURL = "https://github.com/pointfreeco/swift-composable-architecture";
			requirement = {
				kind = upToNextMajorVersion;
				minimumVersion = 0.9.0;
			};
		};
		EDCC3A8226E46E4A00A576B2 /* XCRemoteSwiftPackageReference "web3" */ = {
			isa = XCRemoteSwiftPackageReference;
			repositoryURL = "https://github.com/argentlabs/web3.swift";
			requirement = {
				kind = upToNextMajorVersion;
				minimumVersion = 0.8.1;
			};
		};
/* End XCRemoteSwiftPackageReference section */

/* Begin XCSwiftPackageProductDependency section */
		ED94772F26E44655003162D4 /* ComposableArchitecture */ = {
			isa = XCSwiftPackageProductDependency;
			package = ED94772E26E44655003162D4 /* XCRemoteSwiftPackageReference "swift-composable-architecture" */;
			productName = ComposableArchitecture;
		};
		EDCC3A8326E46E4A00A576B2 /* web3.swift */ = {
			isa = XCSwiftPackageProductDependency;
			package = EDCC3A8226E46E4A00A576B2 /* XCRemoteSwiftPackageReference "web3" */;
			productName = web3.swift;
		};
/* End XCSwiftPackageProductDependency section */
	};
	rootObject = ED94771226E44559003162D4 /* Project object */;
}
