// !$*UTF8*$!
{
	archiveVersion = 1;
	classes = {
	};
	objectVersion = 51;
	objects = {

/* Begin PBXBuildFile section */
		0113F604E3C5650F1E1AC039 /* TimeScale+Extensions.swift in Sources */ = {isa = PBXBuildFile; fileRef = 842E13B529FC4BD56E2661A9 /* TimeScale+Extensions.swift */; };
		024667252BDAE1E0907FCE69 /* GlobalInfoModel.swift in Sources */ = {isa = PBXBuildFile; fileRef = 742E6293C5A9BD56DBD3B995 /* GlobalInfoModel.swift */; };
		0632C27A5D5B4F5FC6F9294B /* Date+Extensions.swift in Sources */ = {isa = PBXBuildFile; fileRef = B707199CFAF4B74C473DFC14 /* Date+Extensions.swift */; };
		15A5B14F56E424F987EB628D /* BitqueryAPI in Frameworks */ = {isa = PBXBuildFile; productRef = 3EE569782E5986401240AA35 /* BitqueryAPI */; };
		18BBCBEE60339DE88779C959 /* TimeScaleModel.swift in Sources */ = {isa = PBXBuildFile; fileRef = 6E65EEF7F70A480DE512954C /* TimeScaleModel.swift */; };
		2378D61661CAA4E8463F734D /* BigUInt+Extensions.swift in Sources */ = {isa = PBXBuildFile; fileRef = 117EDA4ED3A2230383DCFA41 /* BigUInt+Extensions.swift */; };
		272864C27D707302918465AF /* AppView.swift in Sources */ = {isa = PBXBuildFile; fileRef = 6C4EC50004741C666AA20180 /* AppView.swift */; };
		272BCA8A6709C128A9169BE2 /* OHLCVData+Extensions.swift.swift in Sources */ = {isa = PBXBuildFile; fileRef = 41DE07933240947412BE0800 /* OHLCVData+Extensions.swift.swift */; };
		281CDE7E994671A7D59FDB7D /* ComposableArchitecture in Frameworks */ = {isa = PBXBuildFile; productRef = 444317EC2D324F520CBE85B9 /* ComposableArchitecture */; };
		2D3529C7DA87C7E84708A236 /* AccountModel.swift in Sources */ = {isa = PBXBuildFile; fileRef = 7B6D29EB96DF7F45527A1B63 /* AccountModel.swift */; };
		342A1C83EC0A9A0554C79285 /* AccountDataModel.swift in Sources */ = {isa = PBXBuildFile; fileRef = 9DF19B2713CBC4A8CC617ABF /* AccountDataModel.swift */; };
		35C2290E97BD9E7CC88A6EC0 /* NSNumber+Extensions.swift in Sources */ = {isa = PBXBuildFile; fileRef = 7254A74580879CE1D57F0B5B /* NSNumber+Extensions.swift */; };
		384453310AFABC584F1147F7 /* EditView.swift in Sources */ = {isa = PBXBuildFile; fileRef = 95AD4C7459F0A5F35C779C6E /* EditView.swift */; };
		38ECF3516F587DDB5C816F2B /* App.swift in Sources */ = {isa = PBXBuildFile; fileRef = 7EFFCB070A01C6E3E3CB59BB /* App.swift */; };
		3920D3217BD4AD7C4F21AEE9 /* StakeTotalModel.swift in Sources */ = {isa = PBXBuildFile; fileRef = 7D13F362565A7A84548CD5C7 /* StakeTotalModel.swift */; };
		3B3676174DF80961300A6289 /* ChartType.swift in Sources */ = {isa = PBXBuildFile; fileRef = 11334602E6C56403672EF697 /* ChartType.swift */; };
		493F076670A6EFD89FD8A734 /* CalculatorView.swift in Sources */ = {isa = PBXBuildFile; fileRef = 11108726F2C651773743DCAF /* CalculatorView.swift */; };
		52FD3F03A19D6F64F11DC1B9 /* Preview Assets.xcassets in Resources */ = {isa = PBXBuildFile; fileRef = B943BC8CAA654CD77AC17BB6 /* Preview Assets.xcassets */; };
		559A9CC38F7C9CAE8BF88604 /* StakeDetailsCardView.swift in Sources */ = {isa = PBXBuildFile; fileRef = 1B2B559E0B447BFDE40C9A83 /* StakeDetailsCardView.swift */; };
		5FD289EE96E5D54053AC59D0 /* PercentageRingView.swift in Sources */ = {isa = PBXBuildFile; fileRef = A672A5263983DB026DCE2BC3 /* PercentageRingView.swift */; };
		6100F3757C54FE2778D6E715 /* HEXNumberTextStyle.swift in Sources */ = {isa = PBXBuildFile; fileRef = B111C6AD69FEB6A0AC0F16DC /* HEXNumberTextStyle.swift */; };
		641B864855B2593A479F561B /* AppViewReducer.swift in Sources */ = {isa = PBXBuildFile; fileRef = 12DBF49D004E00EE95C96479 /* AppViewReducer.swift */; };
		74D28048802B53B2C69F9EF6 /* StakeCardView.swift in Sources */ = {isa = PBXBuildFile; fileRef = 0C81D66CAB957125308B7010 /* StakeCardView.swift */; };
		7D8422D8310166D060476217 /* Assets.xcassets in Resources */ = {isa = PBXBuildFile; fileRef = 7D1A1CE19F9E8D799B4DF822 /* Assets.xcassets */; };
		7E0D47B727112D5AA0B76332 /* SwiftUIVisualEffects in Frameworks */ = {isa = PBXBuildFile; productRef = F2D7B3273C82ACD51E9052BE /* SwiftUIVisualEffects */; };
		8762623629706852978DE029 /* LightweightCharts in Frameworks */ = {isa = PBXBuildFile; productRef = 566385D68414482B5486D7B8 /* LightweightCharts */; };
		893D7552D989DCF03EB4FDF0 /* index.html in Resources */ = {isa = PBXBuildFile; fileRef = 230728B8D69D958751745D31 /* index.html */; };
		8DD05BBC427D187E1D1BDE7E /* Double+Extensions.swift in Sources */ = {isa = PBXBuildFile; fileRef = 4CF16AEF4214D8E325DB84C2 /* Double+Extensions.swift */; };
		8E7B1CECCEB39F0A5B0F9700 /* IdentifiedCollections in Frameworks */ = {isa = PBXBuildFile; productRef = 88FB0DEE7DC2C6500CEAB1C5 /* IdentifiedCollections */; };
		8F9E6D637FDA37CBB3BC00AA /* ChartsView.swift in Sources */ = {isa = PBXBuildFile; fileRef = D694B1DA5DF0377977B34F9C /* ChartsView.swift */; };
		93ABDD68901F0B237BE4C642 /* TradingviewChartView.swift in Sources */ = {isa = PBXBuildFile; fileRef = 88926926504D1FC51E75CAD9 /* TradingviewChartView.swift */; };
		951557B74017F4F2EAF783FF /* SpeculateView.swift in Sources */ = {isa = PBXBuildFile; fileRef = 4655D7DA8FAC48D54C19BC82 /* SpeculateView.swift */; };
		98F2F8BC8CAC9051A6FEEC7F /* SampleAppStore.swift in Sources */ = {isa = PBXBuildFile; fileRef = CD97BE07A876D006551CAE25 /* SampleAppStore.swift */; };
		B3FDC626A1314EDA5EC1194A /* StakeGroupBoxStyle.swift in Sources */ = {isa = PBXBuildFile; fileRef = 2495C84A3A16231ACBE6D36A /* StakeGroupBoxStyle.swift */; };
		B47647423BAF6BDF59F01BD1 /* AccountsView.swift in Sources */ = {isa = PBXBuildFile; fileRef = 56DFEC316C64640DC5205E43 /* AccountsView.swift */; };
		BE94256F6E38266AD8D0FB68 /* StakeDetailsView.swift in Sources */ = {isa = PBXBuildFile; fileRef = DF4755BB8ACA35B11DD0DBE0 /* StakeDetailsView.swift */; };
		C6DAE61AE40346FBAC8B7C3D /* StakeStatusModel.swift in Sources */ = {isa = PBXBuildFile; fileRef = 3DE055FCC0D78326BF0FC194 /* StakeStatusModel.swift */; };
		C749709A25B9C12FF2E27A19 /* LightweightChartsView.swift in Sources */ = {isa = PBXBuildFile; fileRef = B27481CFCEE3DBEFCE2DA374 /* LightweightChartsView.swift */; };
		CDBABE47A59A501263373340 /* DailyDataModel.swift in Sources */ = {isa = PBXBuildFile; fileRef = 7AD673A6150107EFA969E218 /* DailyDataModel.swift */; };
		D4DF19A170C467E7D751553D /* PlanView.swift in Sources */ = {isa = PBXBuildFile; fileRef = 0B457973EDA1F91AF70CC007 /* PlanView.swift */; };
		E5EE0F940D58DE021A3A99C3 /* Constants.swift in Sources */ = {isa = PBXBuildFile; fileRef = 8DDA3C6DE67FF4B6FD8C092D /* Constants.swift */; };
		E99D45F4EB2E62F81E4C417D /* HEXSmartContract in Frameworks */ = {isa = PBXBuildFile; productRef = 91CFA55A0676A6312247857C /* HEXSmartContract */; };
		EDD511738280863DAEDA64DE /* StakeModel.swift in Sources */ = {isa = PBXBuildFile; fileRef = CA83C661AB7EFE0A4EC029C3 /* StakeModel.swift */; };
		EEEA4923339FB235A944FD39 /* HEXSmartContractReducer.swift in Sources */ = {isa = PBXBuildFile; fileRef = A67E4E1ECDC940575A73C758 /* HEXSmartContractReducer.swift */; };
		F1EC1CC4AA4B71573C662D42 /* DistributionModel.swift in Sources */ = {isa = PBXBuildFile; fileRef = 40072E4B023C31237AA7D7A2 /* DistributionModel.swift */; };
		F41861C691AFB90ABC10D2F1 /* CalculatorModel.swift in Sources */ = {isa = PBXBuildFile; fileRef = 112C7DF39CBC618E9B42C62E /* CalculatorModel.swift */; };
		F529BC6F4DA1C825F82C1220 /* HEXREST in Frameworks */ = {isa = PBXBuildFile; productRef = 14471AE898FE9C16BE145C44 /* HEXREST */; };
		F9D31BABEB128F709FF24E19 /* SampleStakes.swift in Sources */ = {isa = PBXBuildFile; fileRef = 6D23AAE8F6F76901D1F55EE2 /* SampleStakes.swift */; };
/* End PBXBuildFile section */

/* Begin PBXFileReference section */
		0B457973EDA1F91AF70CC007 /* PlanView.swift */ = {isa = PBXFileReference; lastKnownFileType = sourcecode.swift; path = PlanView.swift; sourceTree = "<group>"; };
		0C81D66CAB957125308B7010 /* StakeCardView.swift */ = {isa = PBXFileReference; lastKnownFileType = sourcecode.swift; path = StakeCardView.swift; sourceTree = "<group>"; };
		11108726F2C651773743DCAF /* CalculatorView.swift */ = {isa = PBXFileReference; lastKnownFileType = sourcecode.swift; path = CalculatorView.swift; sourceTree = "<group>"; };
		112C7DF39CBC618E9B42C62E /* CalculatorModel.swift */ = {isa = PBXFileReference; lastKnownFileType = sourcecode.swift; path = CalculatorModel.swift; sourceTree = "<group>"; };
		11334602E6C56403672EF697 /* ChartType.swift */ = {isa = PBXFileReference; lastKnownFileType = sourcecode.swift; path = ChartType.swift; sourceTree = "<group>"; };
		117EDA4ED3A2230383DCFA41 /* BigUInt+Extensions.swift */ = {isa = PBXFileReference; lastKnownFileType = sourcecode.swift; path = "BigUInt+Extensions.swift"; sourceTree = "<group>"; };
		12DBF49D004E00EE95C96479 /* AppViewReducer.swift */ = {isa = PBXFileReference; lastKnownFileType = sourcecode.swift; path = AppViewReducer.swift; sourceTree = "<group>"; };
		1B2B559E0B447BFDE40C9A83 /* StakeDetailsCardView.swift */ = {isa = PBXFileReference; lastKnownFileType = sourcecode.swift; path = StakeDetailsCardView.swift; sourceTree = "<group>"; };
		210D963E491A8FBE29AF4297 /* HEX.app */ = {isa = PBXFileReference; includeInIndex = 0; lastKnownFileType = wrapper.application; path = HEX.app; sourceTree = BUILT_PRODUCTS_DIR; };
		230728B8D69D958751745D31 /* index.html */ = {isa = PBXFileReference; lastKnownFileType = text.html; path = index.html; sourceTree = "<group>"; };
		2495C84A3A16231ACBE6D36A /* StakeGroupBoxStyle.swift */ = {isa = PBXFileReference; lastKnownFileType = sourcecode.swift; path = StakeGroupBoxStyle.swift; sourceTree = "<group>"; };
		2D56D72C21058B5DDC3BDE89 /* hex-smart-contract */ = {isa = PBXFileReference; lastKnownFileType = folder; name = "hex-smart-contract"; path = "Packages/hex-smart-contract"; sourceTree = SOURCE_ROOT; };
		3DE055FCC0D78326BF0FC194 /* StakeStatusModel.swift */ = {isa = PBXFileReference; lastKnownFileType = sourcecode.swift; path = StakeStatusModel.swift; sourceTree = "<group>"; };
		40072E4B023C31237AA7D7A2 /* DistributionModel.swift */ = {isa = PBXFileReference; lastKnownFileType = sourcecode.swift; path = DistributionModel.swift; sourceTree = "<group>"; };
		41DE07933240947412BE0800 /* OHLCVData+Extensions.swift.swift */ = {isa = PBXFileReference; lastKnownFileType = sourcecode.swift; path = "OHLCVData+Extensions.swift.swift"; sourceTree = "<group>"; };
		4655D7DA8FAC48D54C19BC82 /* SpeculateView.swift */ = {isa = PBXFileReference; lastKnownFileType = sourcecode.swift; path = SpeculateView.swift; sourceTree = "<group>"; };
		4CF16AEF4214D8E325DB84C2 /* Double+Extensions.swift */ = {isa = PBXFileReference; lastKnownFileType = sourcecode.swift; path = "Double+Extensions.swift"; sourceTree = "<group>"; };
		56DFEC316C64640DC5205E43 /* AccountsView.swift */ = {isa = PBXFileReference; lastKnownFileType = sourcecode.swift; path = AccountsView.swift; sourceTree = "<group>"; };
		6C4EC50004741C666AA20180 /* AppView.swift */ = {isa = PBXFileReference; lastKnownFileType = sourcecode.swift; path = AppView.swift; sourceTree = "<group>"; };
		6D23AAE8F6F76901D1F55EE2 /* SampleStakes.swift */ = {isa = PBXFileReference; lastKnownFileType = sourcecode.swift; path = SampleStakes.swift; sourceTree = "<group>"; };
		6DC113F226EA0FF32EC5CDC0 /* bitquery-api */ = {isa = PBXFileReference; lastKnownFileType = folder; name = "bitquery-api"; path = "Packages/bitquery-api"; sourceTree = SOURCE_ROOT; };
		6E65EEF7F70A480DE512954C /* TimeScaleModel.swift */ = {isa = PBXFileReference; lastKnownFileType = sourcecode.swift; path = TimeScaleModel.swift; sourceTree = "<group>"; };
		7254A74580879CE1D57F0B5B /* NSNumber+Extensions.swift */ = {isa = PBXFileReference; lastKnownFileType = sourcecode.swift; path = "NSNumber+Extensions.swift"; sourceTree = "<group>"; };
		742E6293C5A9BD56DBD3B995 /* GlobalInfoModel.swift */ = {isa = PBXFileReference; lastKnownFileType = sourcecode.swift; path = GlobalInfoModel.swift; sourceTree = "<group>"; };
		7AD673A6150107EFA969E218 /* DailyDataModel.swift */ = {isa = PBXFileReference; lastKnownFileType = sourcecode.swift; path = DailyDataModel.swift; sourceTree = "<group>"; };
		7B6D29EB96DF7F45527A1B63 /* AccountModel.swift */ = {isa = PBXFileReference; lastKnownFileType = sourcecode.swift; path = AccountModel.swift; sourceTree = "<group>"; };
		7D13F362565A7A84548CD5C7 /* StakeTotalModel.swift */ = {isa = PBXFileReference; lastKnownFileType = sourcecode.swift; path = StakeTotalModel.swift; sourceTree = "<group>"; };
		7D1A1CE19F9E8D799B4DF822 /* Assets.xcassets */ = {isa = PBXFileReference; lastKnownFileType = folder.assetcatalog; path = Assets.xcassets; sourceTree = "<group>"; };
		7EFFCB070A01C6E3E3CB59BB /* App.swift */ = {isa = PBXFileReference; lastKnownFileType = sourcecode.swift; path = App.swift; sourceTree = "<group>"; };
		842E13B529FC4BD56E2661A9 /* TimeScale+Extensions.swift */ = {isa = PBXFileReference; lastKnownFileType = sourcecode.swift; path = "TimeScale+Extensions.swift"; sourceTree = "<group>"; };
		88926926504D1FC51E75CAD9 /* TradingviewChartView.swift */ = {isa = PBXFileReference; lastKnownFileType = sourcecode.swift; path = TradingviewChartView.swift; sourceTree = "<group>"; };
		8DDA3C6DE67FF4B6FD8C092D /* Constants.swift */ = {isa = PBXFileReference; lastKnownFileType = sourcecode.swift; path = Constants.swift; sourceTree = "<group>"; };
		95AD4C7459F0A5F35C779C6E /* EditView.swift */ = {isa = PBXFileReference; lastKnownFileType = sourcecode.swift; path = EditView.swift; sourceTree = "<group>"; };
		9DF19B2713CBC4A8CC617ABF /* AccountDataModel.swift */ = {isa = PBXFileReference; lastKnownFileType = sourcecode.swift; path = AccountDataModel.swift; sourceTree = "<group>"; };
		A672A5263983DB026DCE2BC3 /* PercentageRingView.swift */ = {isa = PBXFileReference; lastKnownFileType = sourcecode.swift; path = PercentageRingView.swift; sourceTree = "<group>"; };
		A67E4E1ECDC940575A73C758 /* HEXSmartContractReducer.swift */ = {isa = PBXFileReference; lastKnownFileType = sourcecode.swift; path = HEXSmartContractReducer.swift; sourceTree = "<group>"; };
		B111C6AD69FEB6A0AC0F16DC /* HEXNumberTextStyle.swift */ = {isa = PBXFileReference; lastKnownFileType = sourcecode.swift; path = HEXNumberTextStyle.swift; sourceTree = "<group>"; };
		B27481CFCEE3DBEFCE2DA374 /* LightweightChartsView.swift */ = {isa = PBXFileReference; lastKnownFileType = sourcecode.swift; path = LightweightChartsView.swift; sourceTree = "<group>"; };
		B707199CFAF4B74C473DFC14 /* Date+Extensions.swift */ = {isa = PBXFileReference; lastKnownFileType = sourcecode.swift; path = "Date+Extensions.swift"; sourceTree = "<group>"; };
		B943BC8CAA654CD77AC17BB6 /* Preview Assets.xcassets */ = {isa = PBXFileReference; lastKnownFileType = folder.assetcatalog; path = "Preview Assets.xcassets"; sourceTree = "<group>"; };
		CA83C661AB7EFE0A4EC029C3 /* StakeModel.swift */ = {isa = PBXFileReference; lastKnownFileType = sourcecode.swift; path = StakeModel.swift; sourceTree = "<group>"; };
		CD97BE07A876D006551CAE25 /* SampleAppStore.swift */ = {isa = PBXFileReference; lastKnownFileType = sourcecode.swift; path = SampleAppStore.swift; sourceTree = "<group>"; };
		D694B1DA5DF0377977B34F9C /* ChartsView.swift */ = {isa = PBXFileReference; lastKnownFileType = sourcecode.swift; path = ChartsView.swift; sourceTree = "<group>"; };
		DF4755BB8ACA35B11DD0DBE0 /* StakeDetailsView.swift */ = {isa = PBXFileReference; lastKnownFileType = sourcecode.swift; path = StakeDetailsView.swift; sourceTree = "<group>"; };
		EB0066F4C337E2DEAEF7927D /* Info.plist */ = {isa = PBXFileReference; lastKnownFileType = text.plist; path = Info.plist; sourceTree = "<group>"; };
		F0738425D18A2BAF07C68CAC /* hex-rest */ = {isa = PBXFileReference; lastKnownFileType = folder; name = "hex-rest"; path = "Packages/hex-rest"; sourceTree = SOURCE_ROOT; };
/* End PBXFileReference section */

/* Begin PBXFrameworksBuildPhase section */
		9EA6DFD4D94400AED4E5D66F /* Frameworks */ = {
			isa = PBXFrameworksBuildPhase;
			buildActionMask = 2147483647;
			files = (
				E99D45F4EB2E62F81E4C417D /* HEXSmartContract in Frameworks */,
				F529BC6F4DA1C825F82C1220 /* HEXREST in Frameworks */,
				15A5B14F56E424F987EB628D /* BitqueryAPI in Frameworks */,
				8762623629706852978DE029 /* LightweightCharts in Frameworks */,
				281CDE7E994671A7D59FDB7D /* ComposableArchitecture in Frameworks */,
				8E7B1CECCEB39F0A5B0F9700 /* IdentifiedCollections in Frameworks */,
				7E0D47B727112D5AA0B76332 /* SwiftUIVisualEffects in Frameworks */,
			);
			runOnlyForDeploymentPostprocessing = 0;
		};
/* End PBXFrameworksBuildPhase section */

/* Begin PBXGroup section */
		0274987511660F32ADBD8FAF /* SupportingFiles */ = {
			isa = PBXGroup;
			children = (
				EB0066F4C337E2DEAEF7927D /* Info.plist */,
			);
			path = SupportingFiles;
			sourceTree = "<group>";
		};
		041BD39CE903C621DFD6D4D8 /* Speculate */ = {
			isa = PBXGroup;
			children = (
				4655D7DA8FAC48D54C19BC82 /* SpeculateView.swift */,
			);
			path = Speculate;
			sourceTree = "<group>";
		};
		184F9CCBCFA3BF831BBC7ED2 = {
			isa = PBXGroup;
			children = (
				9EC91AB47259A4E07ABDDDA4 /* Apps */,
				9797DD6B37CA2C154F244CCA /* Packages */,
				5FC98121009B3C2AE2BEEC8D /* Products */,
			);
			sourceTree = "<group>";
		};
		2189B6BB95D20E18D61637A1 /* Extensions */ = {
			isa = PBXGroup;
			children = (
				117EDA4ED3A2230383DCFA41 /* BigUInt+Extensions.swift */,
				B707199CFAF4B74C473DFC14 /* Date+Extensions.swift */,
				4CF16AEF4214D8E325DB84C2 /* Double+Extensions.swift */,
				7254A74580879CE1D57F0B5B /* NSNumber+Extensions.swift */,
				41DE07933240947412BE0800 /* OHLCVData+Extensions.swift.swift */,
				842E13B529FC4BD56E2661A9 /* TimeScale+Extensions.swift */,
			);
			path = Extensions;
			sourceTree = "<group>";
		};
		2E0E3972D291E010FA3D2F8A /* Models */ = {
			isa = PBXGroup;
			children = (
				9DF19B2713CBC4A8CC617ABF /* AccountDataModel.swift */,
				7B6D29EB96DF7F45527A1B63 /* AccountModel.swift */,
				112C7DF39CBC618E9B42C62E /* CalculatorModel.swift */,
				11334602E6C56403672EF697 /* ChartType.swift */,
				7AD673A6150107EFA969E218 /* DailyDataModel.swift */,
				40072E4B023C31237AA7D7A2 /* DistributionModel.swift */,
				742E6293C5A9BD56DBD3B995 /* GlobalInfoModel.swift */,
				CA83C661AB7EFE0A4EC029C3 /* StakeModel.swift */,
				3DE055FCC0D78326BF0FC194 /* StakeStatusModel.swift */,
				7D13F362565A7A84548CD5C7 /* StakeTotalModel.swift */,
				6E65EEF7F70A480DE512954C /* TimeScaleModel.swift */,
			);
			path = Models;
			sourceTree = "<group>";
		};
		3A0B36642FCA65FFA6661614 /* Calculator */ = {
			isa = PBXGroup;
			children = (
				11108726F2C651773743DCAF /* CalculatorView.swift */,
				0B457973EDA1F91AF70CC007 /* PlanView.swift */,
			);
			path = Calculator;
			sourceTree = "<group>";
		};
		575AC1FA576C3016FA51E267 /* Resources */ = {
			isa = PBXGroup;
			children = (
				7D1A1CE19F9E8D799B4DF822 /* Assets.xcassets */,
				230728B8D69D958751745D31 /* index.html */,
			);
			path = Resources;
			sourceTree = "<group>";
		};
		5FC98121009B3C2AE2BEEC8D /* Products */ = {
			isa = PBXGroup;
			children = (
				210D963E491A8FBE29AF4297 /* HEX.app */,
			);
			name = Products;
			sourceTree = "<group>";
		};
		90BE8DA6D5A1BF4EF796BA89 /* Styles */ = {
			isa = PBXGroup;
			children = (
				B111C6AD69FEB6A0AC0F16DC /* HEXNumberTextStyle.swift */,
				2495C84A3A16231ACBE6D36A /* StakeGroupBoxStyle.swift */,
			);
			path = Styles;
			sourceTree = "<group>";
		};
		914DAE34AA3B7586609FAD81 /* App */ = {
			isa = PBXGroup;
			children = (
				7EFFCB070A01C6E3E3CB59BB /* App.swift */,
				6C4EC50004741C666AA20180 /* AppView.swift */,
				12DBF49D004E00EE95C96479 /* AppViewReducer.swift */,
				A67E4E1ECDC940575A73C758 /* HEXSmartContractReducer.swift */,
				CBF66A67479E6E83DD335C7F /* Accounts */,
				3A0B36642FCA65FFA6661614 /* Calculator */,
				C71267E75C8575AF88008CF8 /* Charts */,
			);
			path = App;
			sourceTree = "<group>";
		};
		9797DD6B37CA2C154F244CCA /* Packages */ = {
			isa = PBXGroup;
			children = (
				6DC113F226EA0FF32EC5CDC0 /* bitquery-api */,
				F0738425D18A2BAF07C68CAC /* hex-rest */,
				2D56D72C21058B5DDC3BDE89 /* hex-smart-contract */,
			);
			name = Packages;
			sourceTree = SOURCE_ROOT;
		};
		9EC91AB47259A4E07ABDDDA4 /* Apps */ = {
			isa = PBXGroup;
			children = (
				FA53A81348801277D5DFC836 /* HEX */,
			);
			path = Apps;
			sourceTree = "<group>";
		};
		C71267E75C8575AF88008CF8 /* Charts */ = {
			isa = PBXGroup;
			children = (
				D694B1DA5DF0377977B34F9C /* ChartsView.swift */,
				B27481CFCEE3DBEFCE2DA374 /* LightweightChartsView.swift */,
				88926926504D1FC51E75CAD9 /* TradingviewChartView.swift */,
			);
			path = Charts;
			sourceTree = "<group>";
		};
		C857CA1EC3CAD9122BD5EFC4 /* PreviewContent */ = {
			isa = PBXGroup;
			children = (
				B943BC8CAA654CD77AC17BB6 /* Preview Assets.xcassets */,
				CD97BE07A876D006551CAE25 /* SampleAppStore.swift */,
				6D23AAE8F6F76901D1F55EE2 /* SampleStakes.swift */,
			);
			path = PreviewContent;
			sourceTree = "<group>";
		};
		CBF66A67479E6E83DD335C7F /* Accounts */ = {
			isa = PBXGroup;
			children = (
				56DFEC316C64640DC5205E43 /* AccountsView.swift */,
				0C81D66CAB957125308B7010 /* StakeCardView.swift */,
				1B2B559E0B447BFDE40C9A83 /* StakeDetailsCardView.swift */,
				DF4755BB8ACA35B11DD0DBE0 /* StakeDetailsView.swift */,
				E327E66ABFAEF0680D431590 /* Edit */,
				041BD39CE903C621DFD6D4D8 /* Speculate */,
			);
			path = Accounts;
			sourceTree = "<group>";
		};
		E327E66ABFAEF0680D431590 /* Edit */ = {
			isa = PBXGroup;
			children = (
				95AD4C7459F0A5F35C779C6E /* EditView.swift */,
			);
			path = Edit;
			sourceTree = "<group>";
		};
		E8A88478808885F930928A06 /* Sources */ = {
			isa = PBXGroup;
			children = (
				8DDA3C6DE67FF4B6FD8C092D /* Constants.swift */,
				A672A5263983DB026DCE2BC3 /* PercentageRingView.swift */,
				914DAE34AA3B7586609FAD81 /* App */,
				2189B6BB95D20E18D61637A1 /* Extensions */,
				2E0E3972D291E010FA3D2F8A /* Models */,
				90BE8DA6D5A1BF4EF796BA89 /* Styles */,
			);
			path = Sources;
			sourceTree = "<group>";
		};
		FA53A81348801277D5DFC836 /* HEX */ = {
			isa = PBXGroup;
			children = (
				C857CA1EC3CAD9122BD5EFC4 /* PreviewContent */,
				575AC1FA576C3016FA51E267 /* Resources */,
				E8A88478808885F930928A06 /* Sources */,
				0274987511660F32ADBD8FAF /* SupportingFiles */,
			);
			path = HEX;
			sourceTree = "<group>";
		};
		"TEMP_955ADC82-E5D1-4D12-96BD-13CF2F454BEE" /* Resources */ = {
			isa = PBXGroup;
			children = (
				230728B8D69D958751745D31 /* index.html */,
				7D1A1CE19F9E8D799B4DF822 /* Assets.xcassets */,
			);
			path = Resources;
			sourceTree = "<group>";
		};
/* End PBXGroup section */

/* Begin PBXNativeTarget section */
		BEEA04362609402497B76738 /* HEX */ = {
			isa = PBXNativeTarget;
			buildConfigurationList = B3C1D483ED031C8E34A4AD76 /* Build configuration list for PBXNativeTarget "HEX" */;
			buildPhases = (
				A2F50650B6EB19A852252251 /* Sources */,
				6AFC4253892E079DDD2F23A4 /* Resources */,
				9EA6DFD4D94400AED4E5D66F /* Frameworks */,
			);
			buildRules = (
			);
			dependencies = (
			);
			name = HEX;
			packageProductDependencies = (
				91CFA55A0676A6312247857C /* HEXSmartContract */,
				14471AE898FE9C16BE145C44 /* HEXREST */,
				3EE569782E5986401240AA35 /* BitqueryAPI */,
				566385D68414482B5486D7B8 /* LightweightCharts */,
				444317EC2D324F520CBE85B9 /* ComposableArchitecture */,
				88FB0DEE7DC2C6500CEAB1C5 /* IdentifiedCollections */,
				F2D7B3273C82ACD51E9052BE /* SwiftUIVisualEffects */,
			);
			productName = HEX;
			productReference = 210D963E491A8FBE29AF4297 /* HEX.app */;
			productType = "com.apple.product-type.application";
		};
/* End PBXNativeTarget section */

/* Begin PBXProject section */
		7ACFF8AA164BBAD3832BE903 /* Project object */ = {
			isa = PBXProject;
			attributes = {
				LastUpgradeCheck = 1200;
				TargetAttributes = {
					BEEA04362609402497B76738 = {
						DevelopmentTeam = K78G42H4U2;
					};
				};
			};
			buildConfigurationList = F8CE563E6987D9147320DD0F /* Build configuration list for PBXProject "HEX" */;
			compatibilityVersion = "Xcode 10.0";
			developmentRegion = en;
			hasScannedForEncodings = 0;
			knownRegions = (
				Base,
				en,
			);
			mainGroup = 184F9CCBCFA3BF831BBC7ED2;
			packageReferences = (
				8D214F3A5C611613264F70A7 /* XCRemoteSwiftPackageReference "LightweightChartsIOS" */,
				95A2C2A67C6B840800B6487B /* XCRemoteSwiftPackageReference "swift-composable-architecture" */,
				0D4F14F86CFAA75A69AE1DA2 /* XCRemoteSwiftPackageReference "swift-identified-collections" */,
				C75F4C07C428F5C67C9471FF /* XCRemoteSwiftPackageReference "swiftui-visual-effects" */,
			);
			projectDirPath = "";
			projectRoot = "";
			targets = (
				BEEA04362609402497B76738 /* HEX */,
			);
		};
/* End PBXProject section */

/* Begin PBXResourcesBuildPhase section */
		6AFC4253892E079DDD2F23A4 /* Resources */ = {
			isa = PBXResourcesBuildPhase;
			buildActionMask = 2147483647;
			files = (
				7D8422D8310166D060476217 /* Assets.xcassets in Resources */,
				52FD3F03A19D6F64F11DC1B9 /* Preview Assets.xcassets in Resources */,
				893D7552D989DCF03EB4FDF0 /* index.html in Resources */,
			);
			runOnlyForDeploymentPostprocessing = 0;
		};
/* End PBXResourcesBuildPhase section */

/* Begin PBXSourcesBuildPhase section */
		A2F50650B6EB19A852252251 /* Sources */ = {
			isa = PBXSourcesBuildPhase;
			buildActionMask = 2147483647;
			files = (
				342A1C83EC0A9A0554C79285 /* AccountDataModel.swift in Sources */,
				2D3529C7DA87C7E84708A236 /* AccountModel.swift in Sources */,
				B47647423BAF6BDF59F01BD1 /* AccountsView.swift in Sources */,
				38ECF3516F587DDB5C816F2B /* App.swift in Sources */,
				272864C27D707302918465AF /* AppView.swift in Sources */,
				641B864855B2593A479F561B /* AppViewReducer.swift in Sources */,
				2378D61661CAA4E8463F734D /* BigUInt+Extensions.swift in Sources */,
				F41861C691AFB90ABC10D2F1 /* CalculatorModel.swift in Sources */,
				493F076670A6EFD89FD8A734 /* CalculatorView.swift in Sources */,
				3B3676174DF80961300A6289 /* ChartType.swift in Sources */,
				8F9E6D637FDA37CBB3BC00AA /* ChartsView.swift in Sources */,
				E5EE0F940D58DE021A3A99C3 /* Constants.swift in Sources */,
				CDBABE47A59A501263373340 /* DailyDataModel.swift in Sources */,
				0632C27A5D5B4F5FC6F9294B /* Date+Extensions.swift in Sources */,
				F1EC1CC4AA4B71573C662D42 /* DistributionModel.swift in Sources */,
				8DD05BBC427D187E1D1BDE7E /* Double+Extensions.swift in Sources */,
				384453310AFABC584F1147F7 /* EditView.swift in Sources */,
				024667252BDAE1E0907FCE69 /* GlobalInfoModel.swift in Sources */,
				6100F3757C54FE2778D6E715 /* HEXNumberTextStyle.swift in Sources */,
				EEEA4923339FB235A944FD39 /* HEXSmartContractReducer.swift in Sources */,
				C749709A25B9C12FF2E27A19 /* LightweightChartsView.swift in Sources */,
				35C2290E97BD9E7CC88A6EC0 /* NSNumber+Extensions.swift in Sources */,
				272BCA8A6709C128A9169BE2 /* OHLCVData+Extensions.swift.swift in Sources */,
				5FD289EE96E5D54053AC59D0 /* PercentageRingView.swift in Sources */,
				D4DF19A170C467E7D751553D /* PlanView.swift in Sources */,
				98F2F8BC8CAC9051A6FEEC7F /* SampleAppStore.swift in Sources */,
				F9D31BABEB128F709FF24E19 /* SampleStakes.swift in Sources */,
				951557B74017F4F2EAF783FF /* SpeculateView.swift in Sources */,
				74D28048802B53B2C69F9EF6 /* StakeCardView.swift in Sources */,
				559A9CC38F7C9CAE8BF88604 /* StakeDetailsCardView.swift in Sources */,
				BE94256F6E38266AD8D0FB68 /* StakeDetailsView.swift in Sources */,
				B3FDC626A1314EDA5EC1194A /* StakeGroupBoxStyle.swift in Sources */,
				EDD511738280863DAEDA64DE /* StakeModel.swift in Sources */,
				C6DAE61AE40346FBAC8B7C3D /* StakeStatusModel.swift in Sources */,
				3920D3217BD4AD7C4F21AEE9 /* StakeTotalModel.swift in Sources */,
				0113F604E3C5650F1E1AC039 /* TimeScale+Extensions.swift in Sources */,
				18BBCBEE60339DE88779C959 /* TimeScaleModel.swift in Sources */,
				93ABDD68901F0B237BE4C642 /* TradingviewChartView.swift in Sources */,
			);
			runOnlyForDeploymentPostprocessing = 0;
		};
/* End PBXSourcesBuildPhase section */

/* Begin XCBuildConfiguration section */
		86182B0E39D155D485C6CFD4 /* Debug */ = {
			isa = XCBuildConfiguration;
			buildSettings = {
				ASSETCATALOG_COMPILER_APPICON_NAME = AppIcon;
				CODE_SIGN_IDENTITY = "iPhone Developer";
				DEVELOPMENT_ASSET_PATHS = Apps/HEX/PreviewContent;
				INFOPLIST_FILE = Apps/HEX/SupportingFiles/Info.plist;
				LD_RUNPATH_SEARCH_PATHS = (
					"$(inherited)",
					"@executable_path/Frameworks",
				);
				OTHER_LDFLAGS = "-ObjC";
				PRODUCT_BUNDLE_IDENTIFIER = com.joeblau.HEX;
				SDKROOT = iphoneos;
				TARGETED_DEVICE_FAMILY = 1;
				VALIDATE_WORKSPACE = YES;
			};
			name = Debug;
		};
		9003B18185D267EF00920518 /* Debug */ = {
			isa = XCBuildConfiguration;
			buildSettings = {
				ALWAYS_SEARCH_USER_PATHS = NO;
				CLANG_ANALYZER_NONNULL = YES;
				CLANG_ANALYZER_NUMBER_OBJECT_CONVERSION = YES_AGGRESSIVE;
				CLANG_CXX_LANGUAGE_STANDARD = "gnu++14";
				CLANG_CXX_LIBRARY = "libc++";
				CLANG_ENABLE_MODULES = YES;
				CLANG_ENABLE_OBJC_ARC = YES;
				CLANG_ENABLE_OBJC_WEAK = YES;
				CLANG_WARN_BLOCK_CAPTURE_AUTORELEASING = YES;
				CLANG_WARN_BOOL_CONVERSION = YES;
				CLANG_WARN_COMMA = YES;
				CLANG_WARN_CONSTANT_CONVERSION = YES;
				CLANG_WARN_DEPRECATED_OBJC_IMPLEMENTATIONS = YES;
				CLANG_WARN_DIRECT_OBJC_ISA_USAGE = YES_ERROR;
				CLANG_WARN_DOCUMENTATION_COMMENTS = YES;
				CLANG_WARN_EMPTY_BODY = YES;
				CLANG_WARN_ENUM_CONVERSION = YES;
				CLANG_WARN_INFINITE_RECURSION = YES;
				CLANG_WARN_INT_CONVERSION = YES;
				CLANG_WARN_NON_LITERAL_NULL_CONVERSION = YES;
				CLANG_WARN_OBJC_IMPLICIT_RETAIN_SELF = YES;
				CLANG_WARN_OBJC_LITERAL_CONVERSION = YES;
				CLANG_WARN_OBJC_ROOT_CLASS = YES_ERROR;
				CLANG_WARN_QUOTED_INCLUDE_IN_FRAMEWORK_HEADER = YES;
				CLANG_WARN_RANGE_LOOP_ANALYSIS = YES;
				CLANG_WARN_STRICT_PROTOTYPES = YES;
				CLANG_WARN_SUSPICIOUS_MOVE = YES;
				CLANG_WARN_UNGUARDED_AVAILABILITY = YES_AGGRESSIVE;
				CLANG_WARN_UNREACHABLE_CODE = YES;
				CLANG_WARN__DUPLICATE_METHOD_MATCH = YES;
				COPY_PHASE_STRIP = NO;
				CURRENT_PROJECT_VERSION = 19;
				DEBUG_INFORMATION_FORMAT = dwarf;
				DEVELOPMENT_TEAM = K78G42H4U2;
				ENABLE_STRICT_OBJC_MSGSEND = YES;
				ENABLE_TESTABILITY = YES;
				GCC_C_LANGUAGE_STANDARD = gnu11;
				GCC_DYNAMIC_NO_PIC = NO;
				GCC_NO_COMMON_BLOCKS = YES;
				GCC_OPTIMIZATION_LEVEL = 0;
				GCC_PREPROCESSOR_DEFINITIONS = (
					"$(inherited)",
					"DEBUG=1",
				);
				GCC_WARN_64_TO_32_BIT_CONVERSION = YES;
				GCC_WARN_ABOUT_RETURN_TYPE = YES_ERROR;
				GCC_WARN_UNDECLARED_SELECTOR = YES;
				GCC_WARN_UNINITIALIZED_AUTOS = YES_AGGRESSIVE;
				GCC_WARN_UNUSED_FUNCTION = YES;
				GCC_WARN_UNUSED_VARIABLE = YES;
				IPHONEOS_DEPLOYMENT_TARGET = 15.0;
				MARKETING_VERSION = 0.1.0;
				MTL_ENABLE_DEBUG_INFO = INCLUDE_SOURCE;
				MTL_FAST_MATH = YES;
				ONLY_ACTIVE_ARCH = YES;
				PRODUCT_NAME = "$(TARGET_NAME)";
				SDKROOT = iphoneos;
				SWIFT_ACTIVE_COMPILATION_CONDITIONS = DEBUG;
				SWIFT_OPTIMIZATION_LEVEL = "-Onone";
				SWIFT_VERSION = 5.0;
			};
			name = Debug;
		};
		91AE3132EAD8DAB22DFC4A82 /* Release */ = {
			isa = XCBuildConfiguration;
			buildSettings = {
				ALWAYS_SEARCH_USER_PATHS = NO;
				CLANG_ANALYZER_NONNULL = YES;
				CLANG_ANALYZER_NUMBER_OBJECT_CONVERSION = YES_AGGRESSIVE;
				CLANG_CXX_LANGUAGE_STANDARD = "gnu++14";
				CLANG_CXX_LIBRARY = "libc++";
				CLANG_ENABLE_MODULES = YES;
				CLANG_ENABLE_OBJC_ARC = YES;
				CLANG_ENABLE_OBJC_WEAK = YES;
				CLANG_WARN_BLOCK_CAPTURE_AUTORELEASING = YES;
				CLANG_WARN_BOOL_CONVERSION = YES;
				CLANG_WARN_COMMA = YES;
				CLANG_WARN_CONSTANT_CONVERSION = YES;
				CLANG_WARN_DEPRECATED_OBJC_IMPLEMENTATIONS = YES;
				CLANG_WARN_DIRECT_OBJC_ISA_USAGE = YES_ERROR;
				CLANG_WARN_DOCUMENTATION_COMMENTS = YES;
				CLANG_WARN_EMPTY_BODY = YES;
				CLANG_WARN_ENUM_CONVERSION = YES;
				CLANG_WARN_INFINITE_RECURSION = YES;
				CLANG_WARN_INT_CONVERSION = YES;
				CLANG_WARN_NON_LITERAL_NULL_CONVERSION = YES;
				CLANG_WARN_OBJC_IMPLICIT_RETAIN_SELF = YES;
				CLANG_WARN_OBJC_LITERAL_CONVERSION = YES;
				CLANG_WARN_OBJC_ROOT_CLASS = YES_ERROR;
				CLANG_WARN_QUOTED_INCLUDE_IN_FRAMEWORK_HEADER = YES;
				CLANG_WARN_RANGE_LOOP_ANALYSIS = YES;
				CLANG_WARN_STRICT_PROTOTYPES = YES;
				CLANG_WARN_SUSPICIOUS_MOVE = YES;
				CLANG_WARN_UNGUARDED_AVAILABILITY = YES_AGGRESSIVE;
				CLANG_WARN_UNREACHABLE_CODE = YES;
				CLANG_WARN__DUPLICATE_METHOD_MATCH = YES;
				COPY_PHASE_STRIP = NO;
				CURRENT_PROJECT_VERSION = 19;
				DEBUG_INFORMATION_FORMAT = "dwarf-with-dsym";
				DEVELOPMENT_TEAM = K78G42H4U2;
				ENABLE_NS_ASSERTIONS = NO;
				ENABLE_STRICT_OBJC_MSGSEND = YES;
				GCC_C_LANGUAGE_STANDARD = gnu11;
				GCC_NO_COMMON_BLOCKS = YES;
				GCC_WARN_64_TO_32_BIT_CONVERSION = YES;
				GCC_WARN_ABOUT_RETURN_TYPE = YES_ERROR;
				GCC_WARN_UNDECLARED_SELECTOR = YES;
				GCC_WARN_UNINITIALIZED_AUTOS = YES_AGGRESSIVE;
				GCC_WARN_UNUSED_FUNCTION = YES;
				GCC_WARN_UNUSED_VARIABLE = YES;
				IPHONEOS_DEPLOYMENT_TARGET = 15.0;
				MARKETING_VERSION = 0.1.0;
				MTL_ENABLE_DEBUG_INFO = NO;
				MTL_FAST_MATH = YES;
				PRODUCT_NAME = "$(TARGET_NAME)";
				SDKROOT = iphoneos;
				SWIFT_COMPILATION_MODE = wholemodule;
				SWIFT_OPTIMIZATION_LEVEL = "-O";
				SWIFT_VERSION = 5.0;
			};
			name = Release;
		};
		98B8F00AD40336D5EC9E66CF /* Release */ = {
			isa = XCBuildConfiguration;
			buildSettings = {
				ASSETCATALOG_COMPILER_APPICON_NAME = AppIcon;
				CODE_SIGN_IDENTITY = "iPhone Developer";
				DEVELOPMENT_ASSET_PATHS = Apps/HEX/PreviewContent;
				INFOPLIST_FILE = Apps/HEX/SupportingFiles/Info.plist;
				LD_RUNPATH_SEARCH_PATHS = (
					"$(inherited)",
					"@executable_path/Frameworks",
				);
				OTHER_LDFLAGS = "-ObjC";
				PRODUCT_BUNDLE_IDENTIFIER = com.joeblau.HEX;
				SDKROOT = iphoneos;
				TARGETED_DEVICE_FAMILY = 1;
				VALIDATE_WORKSPACE = YES;
			};
			name = Release;
		};
/* End XCBuildConfiguration section */

/* Begin XCConfigurationList section */
		B3C1D483ED031C8E34A4AD76 /* Build configuration list for PBXNativeTarget "HEX" */ = {
			isa = XCConfigurationList;
			buildConfigurations = (
				86182B0E39D155D485C6CFD4 /* Debug */,
				98B8F00AD40336D5EC9E66CF /* Release */,
			);
			defaultConfigurationIsVisible = 0;
			defaultConfigurationName = Debug;
		};
		F8CE563E6987D9147320DD0F /* Build configuration list for PBXProject "HEX" */ = {
			isa = XCConfigurationList;
			buildConfigurations = (
				9003B18185D267EF00920518 /* Debug */,
				91AE3132EAD8DAB22DFC4A82 /* Release */,
			);
			defaultConfigurationIsVisible = 0;
			defaultConfigurationName = Debug;
		};
/* End XCConfigurationList section */

/* Begin XCRemoteSwiftPackageReference section */
		0D4F14F86CFAA75A69AE1DA2 /* XCRemoteSwiftPackageReference "swift-identified-collections" */ = {
			isa = XCRemoteSwiftPackageReference;
			repositoryURL = "https://github.com/pointfreeco/swift-identified-collections.git";
			requirement = {
				kind = upToNextMajorVersion;
				minimumVersion = 0.3.0;
			};
		};
		8D214F3A5C611613264F70A7 /* XCRemoteSwiftPackageReference "LightweightChartsIOS" */ = {
			isa = XCRemoteSwiftPackageReference;
			repositoryURL = "https://github.com/tradingview/LightweightChartsIOS.git";
			requirement = {
				kind = upToNextMajorVersion;
				minimumVersion = 3.6.1;
			};
		};
		95A2C2A67C6B840800B6487B /* XCRemoteSwiftPackageReference "swift-composable-architecture" */ = {
			isa = XCRemoteSwiftPackageReference;
			repositoryURL = "https://github.com/pointfreeco/swift-composable-architecture.git";
			requirement = {
				kind = upToNextMajorVersion;
				minimumVersion = 0.17.0;
			};
		};
		C75F4C07C428F5C67C9471FF /* XCRemoteSwiftPackageReference "swiftui-visual-effects" */ = {
			isa = XCRemoteSwiftPackageReference;
			repositoryURL = "https://github.com/lucasbrown/swiftui-visual-effects.git";
			requirement = {
				kind = upToNextMajorVersion;
				minimumVersion = 1.0.3;
			};
		};
/* End XCRemoteSwiftPackageReference section */

/* Begin XCSwiftPackageProductDependency section */
		14471AE898FE9C16BE145C44 /* HEXREST */ = {
			isa = XCSwiftPackageProductDependency;
			productName = HEXREST;
		};
		3EE569782E5986401240AA35 /* BitqueryAPI */ = {
			isa = XCSwiftPackageProductDependency;
			productName = BitqueryAPI;
		};
		444317EC2D324F520CBE85B9 /* ComposableArchitecture */ = {
			isa = XCSwiftPackageProductDependency;
			package = 95A2C2A67C6B840800B6487B /* XCRemoteSwiftPackageReference "swift-composable-architecture" */;
			productName = ComposableArchitecture;
		};
		566385D68414482B5486D7B8 /* LightweightCharts */ = {
			isa = XCSwiftPackageProductDependency;
			package = 8D214F3A5C611613264F70A7 /* XCRemoteSwiftPackageReference "LightweightChartsIOS" */;
			productName = LightweightCharts;
		};
		88FB0DEE7DC2C6500CEAB1C5 /* IdentifiedCollections */ = {
			isa = XCSwiftPackageProductDependency;
			package = 0D4F14F86CFAA75A69AE1DA2 /* XCRemoteSwiftPackageReference "swift-identified-collections" */;
			productName = IdentifiedCollections;
		};
		91CFA55A0676A6312247857C /* HEXSmartContract */ = {
			isa = XCSwiftPackageProductDependency;
			productName = HEXSmartContract;
		};
		F2D7B3273C82ACD51E9052BE /* SwiftUIVisualEffects */ = {
			isa = XCSwiftPackageProductDependency;
			package = C75F4C07C428F5C67C9471FF /* XCRemoteSwiftPackageReference "swiftui-visual-effects" */;
			productName = SwiftUIVisualEffects;
		};
/* End XCSwiftPackageProductDependency section */
	};
	rootObject = 7ACFF8AA164BBAD3832BE903 /* Project object */;
}
